
Microsoft Visual Studio Solution File, Format Version 12.00
# Visual Studio Version 17
VisualStudioVersion = 17.10.35201.131
MinimumVisualStudioVersion = 10.0.40219.1
Project("{9A19103F-16F7-4668-BE54-9A1E7A4F7556}") = "LVTourism.Plugins", "LVTourism.Plugins.csproj", "{0ED6CE8F-4B30-406D-8986-CDC44EBB42CB}"
EndProject
Project("{FAE04EC0-301F-11D3-BF4B-00C04F79EFBC}") = "ConsoleApp1", "..\ConsoleApp1\ConsoleApp1.csproj", "{954AD77D-D174-4C69-BA0E-2A99DB7837B0}"
EndProject
Global
	GlobalSection(SolutionConfigurationPlatforms) = preSolution
		Debug|Any CPU = Debug|Any CPU
		Release|Any CPU = Release|Any CPU
	EndGlobalSection
	GlobalSection(ProjectConfigurationPlatforms) = postSolution
		{0ED6CE8F-4B30-406D-8986-CDC44EBB42CB}.Debug|Any CPU.ActiveCfg = Debug|Any CPU
		{0ED6CE8F-4B30-406D-8986-CDC44EBB42CB}.Debug|Any CPU.Build.0 = Debug|Any CPU
		{0ED6CE8F-4B30-406D-8986-CDC44EBB42CB}.Release|Any CPU.ActiveCfg = Release|Any CPU
		{0ED6CE8F-4B30-406D-8986-CDC44EBB42CB}.Release|Any CPU.Build.0 = Release|Any CPU
		{954AD77D-D174-4C69-BA0E-2A99DB7837B0}.Debug|Any CPU.ActiveCfg = Debug|Any CPU
		{954AD77D-D174-4C69-BA0E-2A99DB7837B0}.Debug|Any CPU.Build.0 = Debug|Any CPU
		{954AD77D-D174-4C69-BA0E-2A99DB7837B0}.Release|Any CPU.ActiveCfg = Release|Any CPU
		{954AD77D-D174-4C69-BA0E-2A99DB7837B0}.Release|Any CPU.Build.0 = Release|Any CPU
	EndGlobalSection
	GlobalSection(SolutionProperties) = preSolution
		HideSolutionNode = FALSE
	EndGlobalSection
	GlobalSection(ExtensibilityGlobals) = postSolution
		SolutionGuid = {1E296130-46F8-4FB7-82CA-0D4B79F4C1B8}
	EndGlobalSection
EndGlobal
